
Microsoft Visual Studio Solution File, Format Version 12.00
# Visual Studio Version 16
VisualStudioVersion = 16.0.30204.135
MinimumVisualStudioVersion = 10.0.40219.1
Project("{FAE04EC0-301F-11D3-BF4B-00C04F79EFBC}") = "AuthBasic", "AuthBasic.csproj", "{889188FB-41E9-4691-9401-D09431C45F8D}"
EndProject
Global
	GlobalSection(SolutionConfigurationPlatforms) = preSolution
		Debug|Any CPU = Debug|Any CPU
		Release|Any CPU = Release|Any CPU
	EndGlobalSection
	GlobalSection(ProjectConfigurationPlatforms) = postSolution
		{889188FB-41E9-4691-9401-D09431C45F8D}.Debug|Any CPU.ActiveCfg = Debug|Any CPU
		{889188FB-41E9-4691-9401-D09431C45F8D}.Debug|Any CPU.Build.0 = Debug|Any CPU
		{889188FB-41E9-4691-9401-D09431C45F8D}.Release|Any CPU.ActiveCfg = Release|Any CPU
		{889188FB-41E9-4691-9401-D09431C45F8D}.Release|Any CPU.Build.0 = Release|Any CPU
	EndGlobalSection
	GlobalSection(SolutionProperties) = preSolution
		HideSolutionNode = FALSE
	EndGlobalSection
	GlobalSection(ExtensibilityGlobals) = postSolution
		SolutionGuid = {F8DE2900-46CA-4917-BFEE-F2CEC00D12AB}
	EndGlobalSection
EndGlobal
